// !$*UTF8*$!
{
	archiveVersion = 1;
	classes = {
	};
	objectVersion = 46;
	objects = {

/* Begin PBXBuildFile section */
		75E6D7951BDC9BC200D9946A /* AppDelegate.swift in Sources */ = {isa = PBXBuildFile; fileRef = 75E6D7941BDC9BC200D9946A /* AppDelegate.swift */; };
		75E6D7971BDC9BC200D9946A /* ViewController.swift in Sources */ = {isa = PBXBuildFile; fileRef = 75E6D7961BDC9BC200D9946A /* ViewController.swift */; };
		75E6D79A1BDC9BC200D9946A /* Main.storyboard in Resources */ = {isa = PBXBuildFile; fileRef = 75E6D7981BDC9BC200D9946A /* Main.storyboard */; };
		75E6D79C1BDC9BC200D9946A /* Images.xcassets in Resources */ = {isa = PBXBuildFile; fileRef = 75E6D79B1BDC9BC200D9946A /* Images.xcassets */; };
		75E6D79F1BDC9BC200D9946A /* LaunchScreen.xib in Resources */ = {isa = PBXBuildFile; fileRef = 75E6D79D1BDC9BC200D9946A /* LaunchScreen.xib */; };
		75E6D7AB1BDC9BC200D9946A /* AutoLayoutDemoABESTests.swift in Sources */ = {isa = PBXBuildFile; fileRef = 75E6D7AA1BDC9BC200D9946A /* AutoLayoutDemoABESTests.swift */; };
/* End PBXBuildFile section */

/* Begin PBXContainerItemProxy section */
		75E6D7A51BDC9BC200D9946A /* PBXContainerItemProxy */ = {
			isa = PBXContainerItemProxy;
			containerPortal = 75E6D7871BDC9BC200D9946A /* Project object */;
			proxyType = 1;
			remoteGlobalIDString = 75E6D78E1BDC9BC200D9946A;
			remoteInfo = AutoLayoutDemoABES;
		};
/* End PBXContainerItemProxy section */

/* Begin PBXFileReference section */
		75E6D78F1BDC9BC200D9946A /* AutoLayoutDemoABES.app */ = {isa = PBXFileReference; explicitFileType = wrapper.application; includeInIndex = 0; path = AutoLayoutDemoABES.app; sourceTree = BUILT_PRODUCTS_DIR; };
		75E6D7931BDC9BC200D9946A /* Info.plist */ = {isa = PBXFileReference; lastKnownFileType = text.plist.xml; path = Info.plist; sourceTree = "<group>"; };
		75E6D7941BDC9BC200D9946A /* AppDelegate.swift */ = {isa = PBXFileReference; lastKnownFileType = sourcecode.swift; path = AppDelegate.swift; sourceTree = "<group>"; };
		75E6D7961BDC9BC200D9946A /* ViewController.swift */ = {isa = PBXFileReference; lastKnownFileType = sourcecode.swift; path = ViewController.swift; sourceTree = "<group>"; };
		75E6D7991BDC9BC200D9946A /* Base */ = {isa = PBXFileReference; lastKnownFileType = file.storyboard; name = Base; path = Base.lproj/Main.storyboard; sourceTree = "<group>"; };
		75E6D79B1BDC9BC200D9946A /* Images.xcassets */ = {isa = PBXFileReference; lastKnownFileType = folder.assetcatalog; path = Images.xcassets; sourceTree = "<group>"; };
		75E6D79E1BDC9BC200D9946A /* Base */ = {isa = PBXFileReference; lastKnownFileType = file.xib; name = Base; path = Base.lproj/LaunchScreen.xib; sourceTree = "<group>"; };
		75E6D7A41BDC9BC200D9946A /* AutoLayoutDemoABESTests.xctest */ = {isa = PBXFileReference; explicitFileType = wrapper.cfbundle; includeInIndex = 0; path = AutoLayoutDemoABESTests.xctest; sourceTree = BUILT_PRODUCTS_DIR; };
		75E6D7A91BDC9BC200D9946A /* Info.plist */ = {isa = PBXFileReference; lastKnownFileType = text.plist.xml; path = Info.plist; sourceTree = "<group>"; };
		75E6D7AA1BDC9BC200D9946A /* AutoLayoutDemoABESTests.swift */ = {isa = PBXFileReference; lastKnownFileType = sourcecode.swift; path = AutoLayoutDemoABESTests.swift; sourceTree = "<group>"; };
/* End PBXFileReference section */

/* Begin PBXFrameworksBuildPhase section */
		75E6D78C1BDC9BC200D9946A /* Frameworks */ = {
			isa = PBXFrameworksBuildPhase;
			buildActionMask = 2147483647;
			files = (
			);
			runOnlyForDeploymentPostprocessing = 0;
		};
		75E6D7A11BDC9BC200D9946A /* Frameworks */ = {
			isa = PBXFrameworksBuildPhase;
			buildActionMask = 2147483647;
			files = (
			);
			runOnlyForDeploymentPostprocessing = 0;
		};
/* End PBXFrameworksBuildPhase section */

/* Begin PBXGroup section */
		75E6D7861BDC9BC200D9946A = {
			isa = PBXGroup;
			children = (
				75E6D7911BDC9BC200D9946A /* AutoLayoutDemoABES */,
				75E6D7A71BDC9BC200D9946A /* AutoLayoutDemoABESTests */,
				75E6D7901BDC9BC200D9946A /* Products */,
			);
			sourceTree = "<group>";
		};
		75E6D7901BDC9BC200D9946A /* Products */ = {
			isa = PBXGroup;
			children = (
				75E6D78F1BDC9BC200D9946A /* AutoLayoutDemoABES.app */,
				75E6D7A41BDC9BC200D9946A /* AutoLayoutDemoABESTests.xctest */,
			);
			name = Products;
			sourceTree = "<group>";
		};
		75E6D7911BDC9BC200D9946A /* AutoLayoutDemoABES */ = {
			isa = PBXGroup;
			children = (
				75E6D7941BDC9BC200D9946A /* AppDelegate.swift */,
				75E6D7961BDC9BC200D9946A /* ViewController.swift */,
				75E6D7981BDC9BC200D9946A /* Main.storyboard */,
				75E6D79B1BDC9BC200D9946A /* Images.xcassets */,
				75E6D79D1BDC9BC200D9946A /* LaunchScreen.xib */,
				75E6D7921BDC9BC200D9946A /* Supporting Files */,
			);
			path = AutoLayoutDemoABES;
			sourceTree = "<group>";
		};
		75E6D7921BDC9BC200D9946A /* Supporting Files */ = {
			isa = PBXGroup;
			children = (
				75E6D7931BDC9BC200D9946A /* Info.plist */,
			);
			name = "Supporting Files";
			sourceTree = "<group>";
		};
		75E6D7A71BDC9BC200D9946A /* AutoLayoutDemoABESTests */ = {
			isa = PBXGroup;
			children = (
				75E6D7AA1BDC9BC200D9946A /* AutoLayoutDemoABESTests.swift */,
				75E6D7A81BDC9BC200D9946A /* Supporting Files */,
			);
			path = AutoLayoutDemoABESTests;
			sourceTree = "<group>";
		};
		75E6D7A81BDC9BC200D9946A /* Supporting Files */ = {
			isa = PBXGroup;
			children = (
				75E6D7A91BDC9BC200D9946A /* Info.plist */,
			);
			name = "Supporting Files";
			sourceTree = "<group>";
		};
/* End PBXGroup section */

/* Begin PBXNativeTarget section */
		75E6D78E1BDC9BC200D9946A /* AutoLayoutDemoABES */ = {
			isa = PBXNativeTarget;
			buildConfigurationList = 75E6D7AE1BDC9BC200D9946A /* Build configuration list for PBXNativeTarget "AutoLayoutDemoABES" */;
			buildPhases = (
				75E6D78B1BDC9BC200D9946A /* Sources */,
				75E6D78C1BDC9BC200D9946A /* Frameworks */,
				75E6D78D1BDC9BC200D9946A /* Resources */,
			);
			buildRules = (
			);
			dependencies = (
			);
			name = AutoLayoutDemoABES;
			productName = AutoLayoutDemoABES;
			productReference = 75E6D78F1BDC9BC200D9946A /* AutoLayoutDemoABES.app */;
			productType = "com.apple.product-type.application";
		};
		75E6D7A31BDC9BC200D9946A /* AutoLayoutDemoABESTests */ = {
			isa = PBXNativeTarget;
			buildConfigurationList = 75E6D7B11BDC9BC200D9946A /* Build configuration list for PBXNativeTarget "AutoLayoutDemoABESTests" */;
			buildPhases = (
				75E6D7A01BDC9BC200D9946A /* Sources */,
				75E6D7A11BDC9BC200D9946A /* Frameworks */,
				75E6D7A21BDC9BC200D9946A /* Resources */,
			);
			buildRules = (
			);
			dependencies = (
				75E6D7A61BDC9BC200D9946A /* PBXTargetDependency */,
			);
			name = AutoLayoutDemoABESTests;
			productName = AutoLayoutDemoABESTests;
			productReference = 75E6D7A41BDC9BC200D9946A /* AutoLayoutDemoABESTests.xctest */;
			productType = "com.apple.product-type.bundle.unit-test";
		};
/* End PBXNativeTarget section */

/* Begin PBXProject section */
		75E6D7871BDC9BC200D9946A /* Project object */ = {
			isa = PBXProject;
			attributes = {
				LastUpgradeCheck = 0630;
				ORGANIZATIONNAME = CodeKamp;
				TargetAttributes = {
					75E6D78E1BDC9BC200D9946A = {
						CreatedOnToolsVersion = 6.3;
					};
					75E6D7A31BDC9BC200D9946A = {
						CreatedOnToolsVersion = 6.3;
						TestTargetID = 75E6D78E1BDC9BC200D9946A;
					};
				};
			};
			buildConfigurationList = 75E6D78A1BDC9BC200D9946A /* Build configuration list for PBXProject "AutoLayoutDemoABES" */;
			compatibilityVersion = "Xcode 3.2";
			developmentRegion = English;
			hasScannedForEncodings = 0;
			knownRegions = (
				en,
				Base,
			);
			mainGroup = 75E6D7861BDC9BC200D9946A;
			productRefGroup = 75E6D7901BDC9BC200D9946A /* Products */;
			projectDirPath = "";
			projectRoot = "";
			targets = (
				75E6D78E1BDC9BC200D9946A /* AutoLayoutDemoABES */,
				75E6D7A31BDC9BC200D9946A /* AutoLayoutDemoABESTests */,
			);
		};
/* End PBXProject section */

/* Begin PBXResourcesBuildPhase section */
		75E6D78D1BDC9BC200D9946A /* Resources */ = {
			isa = PBXResourcesBuildPhase;
			buildActionMask = 2147483647;
			files = (
				75E6D79A1BDC9BC200D9946A /* Main.storyboard in Resources */,
				75E6D79F1BDC9BC200D9946A /* LaunchScreen.xib in Resources */,
				75E6D79C1BDC9BC200D9946A /* Images.xcassets in Resources */,
			);
			runOnlyForDeploymentPostprocessing = 0;
		};
		75E6D7A21BDC9BC200D9946A /* Resources */ = {
			isa = PBXResourcesBuildPhase;
			buildActionMask = 2147483647;
			files = (
			);
			runOnlyForDeploymentPostprocessing = 0;
		};
/* End PBXResourcesBuildPhase section */

/* Begin PBXSourcesBuildPhase section */
		75E6D78B1BDC9BC200D9946A /* Sources */ = {
			isa = PBXSourcesBuildPhase;
			buildActionMask = 2147483647;
			files = (
				75E6D7971BDC9BC200D9946A /* ViewController.swift in Sources */,
				75E6D7951BDC9BC200D9946A /* AppDelegate.swift in Sources */,
			);
			runOnlyForDeploymentPostprocessing = 0;
		};
		75E6D7A01BDC9BC200D9946A /* Sources */ = {
			isa = PBXSourcesBuildPhase;
			buildActionMask = 2147483647;
			files = (
				75E6D7AB1BDC9BC200D9946A /* AutoLayoutDemoABESTests.swift in Sources */,
			);
			runOnlyForDeploymentPostprocessing = 0;
		};
/* End PBXSourcesBuildPhase section */

/* Begin PBXTargetDependency section */
		75E6D7A61BDC9BC200D9946A /* PBXTargetDependency */ = {
			isa = PBXTargetDependency;
			target = 75E6D78E1BDC9BC200D9946A /* AutoLayoutDemoABES */;
			targetProxy = 75E6D7A51BDC9BC200D9946A /* PBXContainerItemProxy */;
		};
/* End PBXTargetDependency section */

/* Begin PBXVariantGroup section */
		75E6D7981BDC9BC200D9946A /* Main.storyboard */ = {
			isa = PBXVariantGroup;
			children = (
				75E6D7991BDC9BC200D9946A /* Base */,
			);
			name = Main.storyboard;
			sourceTree = "<group>";
		};
		75E6D79D1BDC9BC200D9946A /* LaunchScreen.xib */ = {
			isa = PBXVariantGroup;
			children = (
				75E6D79E1BDC9BC200D9946A /* Base */,
			);
			name = LaunchScreen.xib;
			sourceTree = "<group>";
		};
/* End PBXVariantGroup section */

/* Begin XCBuildConfiguration section */
		75E6D7AC1BDC9BC200D9946A /* Debug */ = {
			isa = XCBuildConfiguration;
			buildSettings = {
				ALWAYS_SEARCH_USER_PATHS = NO;
				CLANG_CXX_LANGUAGE_STANDARD = "gnu++0x";
				CLANG_CXX_LIBRARY = "libc++";
				CLANG_ENABLE_MODULES = YES;
				CLANG_ENABLE_OBJC_ARC = YES;
				CLANG_WARN_BOOL_CONVERSION = YES;
				CLANG_WARN_CONSTANT_CONVERSION = YES;
				CLANG_WARN_DIRECT_OBJC_ISA_USAGE = YES_ERROR;
				CLANG_WARN_EMPTY_BODY = YES;
				CLANG_WARN_ENUM_CONVERSION = YES;
				CLANG_WARN_INT_CONVERSION = YES;
				CLANG_WARN_OBJC_ROOT_CLASS = YES_ERROR;
				CLANG_WARN_UNREACHABLE_CODE = YES;
				CLANG_WARN__DUPLICATE_METHOD_MATCH = YES;
				"CODE_SIGN_IDENTITY[sdk=iphoneos*]" = "iPhone Developer";
				COPY_PHASE_STRIP = NO;
				DEBUG_INFORMATION_FORMAT = "dwarf-with-dsym";
				ENABLE_STRICT_OBJC_MSGSEND = YES;
				GCC_C_LANGUAGE_STANDARD = gnu99;
				GCC_DYNAMIC_NO_PIC = NO;
				GCC_NO_COMMON_BLOCKS = YES;
				GCC_OPTIMIZATION_LEVEL = 0;
				GCC_PREPROCESSOR_DEFINITIONS = (
					"DEBUG=1",
					"$(inherited)",
				);
				GCC_SYMBOLS_PRIVATE_EXTERN = NO;
				GCC_WARN_64_TO_32_BIT_CONVERSION = YES;
				GCC_WARN_ABOUT_RETURN_TYPE = YES_ERROR;
				GCC_WARN_UNDECLARED_SELECTOR = YES;
				GCC_WARN_UNINITIALIZED_AUTOS = YES_AGGRESSIVE;
				GCC_WARN_UNUSED_FUNCTION = YES;
				GCC_WARN_UNUSED_VARIABLE = YES;
				IPHONEOS_DEPLOYMENT_TARGET = 8.3;
				MTL_ENABLE_DEBUG_INFO = YES;
				ONLY_ACTIVE_ARCH = YES;
				SDKROOT = iphoneos;
				SWIFT_OPTIMIZATION_LEVEL = "-Onone";
				TARGETED_DEVICE_FAMILY = "1,2";
			};
			name = Debug;
		};
		75E6D7AD1BDC9BC200D9946A /* Release */ = {
			isa = XCBuildConfiguration;
			buildSettings = {
				ALWAYS_SEARCH_USER_PATHS = NO;
				CLANG_CXX_LANGUAGE_STANDARD = "gnu++0x";
				CLANG_CXX_LIBRARY = "libc++";
				CLANG_ENABLE_MODULES = YES;
				CLANG_ENABLE_OBJC_ARC = YES;
				CLANG_WARN_BOOL_CONVERSION = YES;
				CLANG_WARN_CONSTANT_CONVERSION = YES;
				CLANG_WARN_DIRECT_OBJC_ISA_USAGE = YES_ERROR;
				CLANG_WARN_EMPTY_BODY = YES;
				CLANG_WARN_ENUM_CONVERSION = YES;
				CLANG_WARN_INT_CONVERSION = YES;
				CLANG_WARN_OBJC_ROOT_CLASS = YES_ERROR;
				CLANG_WARN_UNREACHABLE_CODE = YES;
				CLANG_WARN__DUPLICATE_METHOD_MATCH = YES;
				"CODE_SIGN_IDENTITY[sdk=iphoneos*]" = "iPhone Developer";
				COPY_PHASE_STRIP = NO;
				DEBUG_INFORMATION_FORMAT = "dwarf-with-dsym";
				ENABLE_NS_ASSERTIONS = NO;
				ENABLE_STRICT_OBJC_MSGSEND = YES;
				GCC_C_LANGUAGE_STANDARD = gnu99;
				GCC_NO_COMMON_BLOCKS = YES;
				GCC_WARN_64_TO_32_BIT_CONVERSION = YES;
				GCC_WARN_ABOUT_RETURN_TYPE = YES_ERROR;
				GCC_WARN_UNDECLARED_SELECTOR = YES;
				GCC_WARN_UNINITIALIZED_AUTOS = YES_AGGRESSIVE;
				GCC_WARN_UNUSED_FUNCTION = YES;
				GCC_WARN_UNUSED_VARIABLE = YES;
				IPHONEOS_DEPLOYMENT_TARGET = 8.3;
				MTL_ENABLE_DEBUG_INFO = NO;
				SDKROOT = iphoneos;
				TARGETED_DEVICE_FAMILY = "1,2";
				VALIDATE_PRODUCT = YES;
			};
			name = Release;
		};
		75E6D7AF1BDC9BC200D9946A /* Debug */ = {
			isa = XCBuildConfiguration;
			buildSettings = {
				ASSETCATALOG_COMPILER_APPICON_NAME = AppIcon;
				INFOPLIST_FILE = AutoLayoutDemoABES/Info.plist;
				LD_RUNPATH_SEARCH_PATHS = "$(inherited) @executable_path/Frameworks";
				PRODUCT_NAME = "$(TARGET_NAME)";
			};
			name = Debug;
		};
		75E6D7B01BDC9BC200D9946A /* Release */ = {
			isa = XCBuildConfiguration;
			buildSettings = {
				ASSETCATALOG_COMPILER_APPICON_NAME = AppIcon;
				INFOPLIST_FILE = AutoLayoutDemoABES/Info.plist;
				LD_RUNPATH_SEARCH_PATHS = "$(inherited) @executable_path/Frameworks";
				PRODUCT_NAME = "$(TARGET_NAME)";
			};
			name = Release;
		};
		75E6D7B21BDC9BC200D9946A /* Debug */ = {
			isa = XCBuildConfiguration;
			buildSettings = {
				BUNDLE_LOADER = "$(TEST_HOST)";
				FRAMEWORK_SEARCH_PATHS = (
					"$(SDKROOT)/Developer/Library/Frameworks",
					"$(inherited)",
				);
				GCC_PREPROCESSOR_DEFINITIONS = (
					"DEBUG=1",
					"$(inherited)",
				);
				INFOPLIST_FILE = AutoLayoutDemoABESTests/Info.plist;
				LD_RUNPATH_SEARCH_PATHS = "$(inherited) @executable_path/Frameworks @loader_path/Frameworks";
				PRODUCT_NAME = "$(TARGET_NAME)";
				TEST_HOST = "$(BUILT_PRODUCTS_DIR)/AutoLayoutDemoABES.app/AutoLayoutDemoABES";
			};
			name = Debug;
		};
		75E6D7B31BDC9BC200D9946A /* Release */ = {
			isa = XCBuildConfiguration;
			buildSettings = {
				BUNDLE_LOADER = "$(TEST_HOST)";
				FRAMEWORK_SEARCH_PATHS = (
					"$(SDKROOT)/Developer/Library/Frameworks",
					"$(inherited)",
				);
				INFOPLIST_FILE = AutoLayoutDemoABESTests/Info.plist;
				LD_RUNPATH_SEARCH_PATHS = "$(inherited) @executable_path/Frameworks @loader_path/Frameworks";
				PRODUCT_NAME = "$(TARGET_NAME)";
				TEST_HOST = "$(BUILT_PRODUCTS_DIR)/AutoLayoutDemoABES.app/AutoLayoutDemoABES";
			};
			name = Release;
		};
/* End XCBuildConfiguration section */

/* Begin XCConfigurationList section */
		75E6D78A1BDC9BC200D9946A /* Build configuration list for PBXProject "AutoLayoutDemoABES" */ = {
			isa = XCConfigurationList;
			buildConfigurations = (
				75E6D7AC1BDC9BC200D9946A /* Debug */,
				75E6D7AD1BDC9BC200D9946A /* Release */,
			);
			defaultConfigurationIsVisible = 0;
			defaultConfigurationName = Release;
		};
		75E6D7AE1BDC9BC200D9946A /* Build configuration list for PBXNativeTarget "AutoLayoutDemoABES" */ = {
			isa = XCConfigurationList;
			buildConfigurations = (
				75E6D7AF1BDC9BC200D9946A /* Debug */,
				75E6D7B01BDC9BC200D9946A /* Release */,
			);
			defaultConfigurationIsVisible = 0;
		};
		75E6D7B11BDC9BC200D9946A /* Build configuration list for PBXNativeTarget "AutoLayoutDemoABESTests" */ = {
			isa = XCConfigurationList;
			buildConfigurations = (
				75E6D7B21BDC9BC200D9946A /* Debug */,
				75E6D7B31BDC9BC200D9946A /* Release */,
			);
			defaultConfigurationIsVisible = 0;
		};
/* End XCConfigurationList section */
	};
	rootObject = 75E6D7871BDC9BC200D9946A /* Project object */;
}
