// !$*UTF8*$!
{
	archiveVersion = 1;
	classes = {
	};
	objectVersion = 46;
	objects = {

/* Begin PBXBuildFile section */
		7577A63A1BD11E940049F7A5 /* Course.swift in Sources */ = {isa = PBXBuildFile; fileRef = 7577A6391BD11E940049F7A5 /* Course.swift */; };
		7577A63C1BD11E950049F7A5 /* Student.swift in Sources */ = {isa = PBXBuildFile; fileRef = 7577A63B1BD11E950049F7A5 /* Student.swift */; };
		75AB3D811BC903A8001A613E /* AppDelegate.swift in Sources */ = {isa = PBXBuildFile; fileRef = 75AB3D801BC903A8001A613E /* AppDelegate.swift */; };
		75AB3D841BC903A8001A613E /* CoreDataDemoABES.xcdatamodeld in Sources */ = {isa = PBXBuildFile; fileRef = 75AB3D821BC903A8001A613E /* CoreDataDemoABES.xcdatamodeld */; };
		75AB3D861BC903A8001A613E /* ViewController.swift in Sources */ = {isa = PBXBuildFile; fileRef = 75AB3D851BC903A8001A613E /* ViewController.swift */; };
		75AB3D891BC903A8001A613E /* Main.storyboard in Resources */ = {isa = PBXBuildFile; fileRef = 75AB3D871BC903A8001A613E /* Main.storyboard */; };
		75AB3D8B1BC903A8001A613E /* Images.xcassets in Resources */ = {isa = PBXBuildFile; fileRef = 75AB3D8A1BC903A8001A613E /* Images.xcassets */; };
		75AB3D8E1BC903A8001A613E /* LaunchScreen.xib in Resources */ = {isa = PBXBuildFile; fileRef = 75AB3D8C1BC903A8001A613E /* LaunchScreen.xib */; };
		75AB3D9A1BC903A8001A613E /* CoreDataDemoABESTests.swift in Sources */ = {isa = PBXBuildFile; fileRef = 75AB3D991BC903A8001A613E /* CoreDataDemoABESTests.swift */; };
/* End PBXBuildFile section */

/* Begin PBXContainerItemProxy section */
		75AB3D941BC903A8001A613E /* PBXContainerItemProxy */ = {
			isa = PBXContainerItemProxy;
			containerPortal = 75AB3D731BC903A8001A613E /* Project object */;
			proxyType = 1;
			remoteGlobalIDString = 75AB3D7A1BC903A8001A613E;
			remoteInfo = CoreDataDemoABES;
		};
/* End PBXContainerItemProxy section */

/* Begin PBXFileReference section */
		7577A6391BD11E940049F7A5 /* Course.swift */ = {isa = PBXFileReference; fileEncoding = 4; lastKnownFileType = sourcecode.swift; path = Course.swift; sourceTree = "<group>"; };
		7577A63B1BD11E950049F7A5 /* Student.swift */ = {isa = PBXFileReference; fileEncoding = 4; lastKnownFileType = sourcecode.swift; path = Student.swift; sourceTree = "<group>"; };
		75AB3D7B1BC903A8001A613E /* CoreDataDemoABES.app */ = {isa = PBXFileReference; explicitFileType = wrapper.application; includeInIndex = 0; path = CoreDataDemoABES.app; sourceTree = BUILT_PRODUCTS_DIR; };
		75AB3D7F1BC903A8001A613E /* Info.plist */ = {isa = PBXFileReference; lastKnownFileType = text.plist.xml; path = Info.plist; sourceTree = "<group>"; };
		75AB3D801BC903A8001A613E /* AppDelegate.swift */ = {isa = PBXFileReference; lastKnownFileType = sourcecode.swift; path = AppDelegate.swift; sourceTree = "<group>"; };
		75AB3D831BC903A8001A613E /* CoreDataDemoABES.xcdatamodel */ = {isa = PBXFileReference; lastKnownFileType = wrapper.xcdatamodel; path = CoreDataDemoABES.xcdatamodel; sourceTree = "<group>"; };
		75AB3D851BC903A8001A613E /* ViewController.swift */ = {isa = PBXFileReference; lastKnownFileType = sourcecode.swift; path = ViewController.swift; sourceTree = "<group>"; };
		75AB3D881BC903A8001A613E /* Base */ = {isa = PBXFileReference; lastKnownFileType = file.storyboard; name = Base; path = Base.lproj/Main.storyboard; sourceTree = "<group>"; };
		75AB3D8A1BC903A8001A613E /* Images.xcassets */ = {isa = PBXFileReference; lastKnownFileType = folder.assetcatalog; path = Images.xcassets; sourceTree = "<group>"; };
		75AB3D8D1BC903A8001A613E /* Base */ = {isa = PBXFileReference; lastKnownFileType = file.xib; name = Base; path = Base.lproj/LaunchScreen.xib; sourceTree = "<group>"; };
		75AB3D931BC903A8001A613E /* CoreDataDemoABESTests.xctest */ = {isa = PBXFileReference; explicitFileType = wrapper.cfbundle; includeInIndex = 0; path = CoreDataDemoABESTests.xctest; sourceTree = BUILT_PRODUCTS_DIR; };
		75AB3D981BC903A8001A613E /* Info.plist */ = {isa = PBXFileReference; lastKnownFileType = text.plist.xml; path = Info.plist; sourceTree = "<group>"; };
		75AB3D991BC903A8001A613E /* CoreDataDemoABESTests.swift */ = {isa = PBXFileReference; lastKnownFileType = sourcecode.swift; path = CoreDataDemoABESTests.swift; sourceTree = "<group>"; };
/* End PBXFileReference section */

/* Begin PBXFrameworksBuildPhase section */
		75AB3D781BC903A8001A613E /* Frameworks */ = {
			isa = PBXFrameworksBuildPhase;
			buildActionMask = 2147483647;
			files = (
			);
			runOnlyForDeploymentPostprocessing = 0;
		};
		75AB3D901BC903A8001A613E /* Frameworks */ = {
			isa = PBXFrameworksBuildPhase;
			buildActionMask = 2147483647;
			files = (
			);
			runOnlyForDeploymentPostprocessing = 0;
		};
/* End PBXFrameworksBuildPhase section */

/* Begin PBXGroup section */
		75AB3D721BC903A8001A613E = {
			isa = PBXGroup;
			children = (
				75AB3D7D1BC903A8001A613E /* CoreDataDemoABES */,
				75AB3D961BC903A8001A613E /* CoreDataDemoABESTests */,
				75AB3D7C1BC903A8001A613E /* Products */,
			);
			sourceTree = "<group>";
		};
		75AB3D7C1BC903A8001A613E /* Products */ = {
			isa = PBXGroup;
			children = (
				75AB3D7B1BC903A8001A613E /* CoreDataDemoABES.app */,
				75AB3D931BC903A8001A613E /* CoreDataDemoABESTests.xctest */,
			);
			name = Products;
			sourceTree = "<group>";
		};
		75AB3D7D1BC903A8001A613E /* CoreDataDemoABES */ = {
			isa = PBXGroup;
			children = (
				7577A63B1BD11E950049F7A5 /* Student.swift */,
				7577A6391BD11E940049F7A5 /* Course.swift */,
				75AB3D801BC903A8001A613E /* AppDelegate.swift */,
				75AB3D851BC903A8001A613E /* ViewController.swift */,
				75AB3D871BC903A8001A613E /* Main.storyboard */,
				75AB3D8A1BC903A8001A613E /* Images.xcassets */,
				75AB3D8C1BC903A8001A613E /* LaunchScreen.xib */,
				75AB3D821BC903A8001A613E /* CoreDataDemoABES.xcdatamodeld */,
				75AB3D7E1BC903A8001A613E /* Supporting Files */,
			);
			path = CoreDataDemoABES;
			sourceTree = "<group>";
		};
		75AB3D7E1BC903A8001A613E /* Supporting Files */ = {
			isa = PBXGroup;
			children = (
				75AB3D7F1BC903A8001A613E /* Info.plist */,
			);
			name = "Supporting Files";
			sourceTree = "<group>";
		};
		75AB3D961BC903A8001A613E /* CoreDataDemoABESTests */ = {
			isa = PBXGroup;
			children = (
				75AB3D991BC903A8001A613E /* CoreDataDemoABESTests.swift */,
				75AB3D971BC903A8001A613E /* Supporting Files */,
			);
			path = CoreDataDemoABESTests;
			sourceTree = "<group>";
		};
		75AB3D971BC903A8001A613E /* Supporting Files */ = {
			isa = PBXGroup;
			children = (
				75AB3D981BC903A8001A613E /* Info.plist */,
			);
			name = "Supporting Files";
			sourceTree = "<group>";
		};
/* End PBXGroup section */

/* Begin PBXNativeTarget section */
		75AB3D7A1BC903A8001A613E /* CoreDataDemoABES */ = {
			isa = PBXNativeTarget;
			buildConfigurationList = 75AB3D9D1BC903A8001A613E /* Build configuration list for PBXNativeTarget "CoreDataDemoABES" */;
			buildPhases = (
				75AB3D771BC903A8001A613E /* Sources */,
				75AB3D781BC903A8001A613E /* Frameworks */,
				75AB3D791BC903A8001A613E /* Resources */,
			);
			buildRules = (
			);
			dependencies = (
			);
			name = CoreDataDemoABES;
			productName = CoreDataDemoABES;
			productReference = 75AB3D7B1BC903A8001A613E /* CoreDataDemoABES.app */;
			productType = "com.apple.product-type.application";
		};
		75AB3D921BC903A8001A613E /* CoreDataDemoABESTests */ = {
			isa = PBXNativeTarget;
			buildConfigurationList = 75AB3DA01BC903A8001A613E /* Build configuration list for PBXNativeTarget "CoreDataDemoABESTests" */;
			buildPhases = (
				75AB3D8F1BC903A8001A613E /* Sources */,
				75AB3D901BC903A8001A613E /* Frameworks */,
				75AB3D911BC903A8001A613E /* Resources */,
			);
			buildRules = (
			);
			dependencies = (
				75AB3D951BC903A8001A613E /* PBXTargetDependency */,
			);
			name = CoreDataDemoABESTests;
			productName = CoreDataDemoABESTests;
			productReference = 75AB3D931BC903A8001A613E /* CoreDataDemoABESTests.xctest */;
			productType = "com.apple.product-type.bundle.unit-test";
		};
/* End PBXNativeTarget section */

/* Begin PBXProject section */
		75AB3D731BC903A8001A613E /* Project object */ = {
			isa = PBXProject;
			attributes = {
				LastUpgradeCheck = 0630;
				ORGANIZATIONNAME = CodeKamp;
				TargetAttributes = {
					75AB3D7A1BC903A8001A613E = {
						CreatedOnToolsVersion = 6.3;
					};
					75AB3D921BC903A8001A613E = {
						CreatedOnToolsVersion = 6.3;
						TestTargetID = 75AB3D7A1BC903A8001A613E;
					};
				};
			};
			buildConfigurationList = 75AB3D761BC903A8001A613E /* Build configuration list for PBXProject "CoreDataDemoABES" */;
			compatibilityVersion = "Xcode 3.2";
			developmentRegion = English;
			hasScannedForEncodings = 0;
			knownRegions = (
				en,
				Base,
			);
			mainGroup = 75AB3D721BC903A8001A613E;
			productRefGroup = 75AB3D7C1BC903A8001A613E /* Products */;
			projectDirPath = "";
			projectRoot = "";
			targets = (
				75AB3D7A1BC903A8001A613E /* CoreDataDemoABES */,
				75AB3D921BC903A8001A613E /* CoreDataDemoABESTests */,
			);
		};
/* End PBXProject section */

/* Begin PBXResourcesBuildPhase section */
		75AB3D791BC903A8001A613E /* Resources */ = {
			isa = PBXResourcesBuildPhase;
			buildActionMask = 2147483647;
			files = (
				75AB3D891BC903A8001A613E /* Main.storyboard in Resources */,
				75AB3D8E1BC903A8001A613E /* LaunchScreen.xib in Resources */,
				75AB3D8B1BC903A8001A613E /* Images.xcassets in Resources */,
			);
			runOnlyForDeploymentPostprocessing = 0;
		};
		75AB3D911BC903A8001A613E /* Resources */ = {
			isa = PBXResourcesBuildPhase;
			buildActionMask = 2147483647;
			files = (
			);
			runOnlyForDeploymentPostprocessing = 0;
		};
/* End PBXResourcesBuildPhase section */

/* Begin PBXSourcesBuildPhase section */
		75AB3D771BC903A8001A613E /* Sources */ = {
			isa = PBXSourcesBuildPhase;
			buildActionMask = 2147483647;
			files = (
				7577A63A1BD11E940049F7A5 /* Course.swift in Sources */,
				75AB3D861BC903A8001A613E /* ViewController.swift in Sources */,
				75AB3D841BC903A8001A613E /* CoreDataDemoABES.xcdatamodeld in Sources */,
				7577A63C1BD11E950049F7A5 /* Student.swift in Sources */,
				75AB3D811BC903A8001A613E /* AppDelegate.swift in Sources */,
			);
			runOnlyForDeploymentPostprocessing = 0;
		};
		75AB3D8F1BC903A8001A613E /* Sources */ = {
			isa = PBXSourcesBuildPhase;
			buildActionMask = 2147483647;
			files = (
				75AB3D9A1BC903A8001A613E /* CoreDataDemoABESTests.swift in Sources */,
			);
			runOnlyForDeploymentPostprocessing = 0;
		};
/* End PBXSourcesBuildPhase section */

/* Begin PBXTargetDependency section */
		75AB3D951BC903A8001A613E /* PBXTargetDependency */ = {
			isa = PBXTargetDependency;
			target = 75AB3D7A1BC903A8001A613E /* CoreDataDemoABES */;
			targetProxy = 75AB3D941BC903A8001A613E /* PBXContainerItemProxy */;
		};
/* End PBXTargetDependency section */

/* Begin PBXVariantGroup section */
		75AB3D871BC903A8001A613E /* Main.storyboard */ = {
			isa = PBXVariantGroup;
			children = (
				75AB3D881BC903A8001A613E /* Base */,
			);
			name = Main.storyboard;
			sourceTree = "<group>";
		};
		75AB3D8C1BC903A8001A613E /* LaunchScreen.xib */ = {
			isa = PBXVariantGroup;
			children = (
				75AB3D8D1BC903A8001A613E /* Base */,
			);
			name = LaunchScreen.xib;
			sourceTree = "<group>";
		};
/* End PBXVariantGroup section */

/* Begin XCBuildConfiguration section */
		75AB3D9B1BC903A8001A613E /* Debug */ = {
			isa = XCBuildConfiguration;
			buildSettings = {
				ALWAYS_SEARCH_USER_PATHS = NO;
				CLANG_CXX_LANGUAGE_STANDARD = "gnu++0x";
				CLANG_CXX_LIBRARY = "libc++";
				CLANG_ENABLE_MODULES = YES;
				CLANG_ENABLE_OBJC_ARC = YES;
				CLANG_WARN_BOOL_CONVERSION = YES;
				CLANG_WARN_CONSTANT_CONVERSION = YES;
				CLANG_WARN_DIRECT_OBJC_ISA_USAGE = YES_ERROR;
				CLANG_WARN_EMPTY_BODY = YES;
				CLANG_WARN_ENUM_CONVERSION = YES;
				CLANG_WARN_INT_CONVERSION = YES;
				CLANG_WARN_OBJC_ROOT_CLASS = YES_ERROR;
				CLANG_WARN_UNREACHABLE_CODE = YES;
				CLANG_WARN__DUPLICATE_METHOD_MATCH = YES;
				"CODE_SIGN_IDENTITY[sdk=iphoneos*]" = "iPhone Developer";
				COPY_PHASE_STRIP = NO;
				DEBUG_INFORMATION_FORMAT = "dwarf-with-dsym";
				ENABLE_STRICT_OBJC_MSGSEND = YES;
				GCC_C_LANGUAGE_STANDARD = gnu99;
				GCC_DYNAMIC_NO_PIC = NO;
				GCC_NO_COMMON_BLOCKS = YES;
				GCC_OPTIMIZATION_LEVEL = 0;
				GCC_PREPROCESSOR_DEFINITIONS = (
					"DEBUG=1",
					"$(inherited)",
				);
				GCC_SYMBOLS_PRIVATE_EXTERN = NO;
				GCC_WARN_64_TO_32_BIT_CONVERSION = YES;
				GCC_WARN_ABOUT_RETURN_TYPE = YES_ERROR;
				GCC_WARN_UNDECLARED_SELECTOR = YES;
				GCC_WARN_UNINITIALIZED_AUTOS = YES_AGGRESSIVE;
				GCC_WARN_UNUSED_FUNCTION = YES;
				GCC_WARN_UNUSED_VARIABLE = YES;
				IPHONEOS_DEPLOYMENT_TARGET = 8.3;
				MTL_ENABLE_DEBUG_INFO = YES;
				ONLY_ACTIVE_ARCH = YES;
				SDKROOT = iphoneos;
				SWIFT_OPTIMIZATION_LEVEL = "-Onone";
				TARGETED_DEVICE_FAMILY = "1,2";
			};
			name = Debug;
		};
		75AB3D9C1BC903A8001A613E /* Release */ = {
			isa = XCBuildConfiguration;
			buildSettings = {
				ALWAYS_SEARCH_USER_PATHS = NO;
				CLANG_CXX_LANGUAGE_STANDARD = "gnu++0x";
				CLANG_CXX_LIBRARY = "libc++";
				CLANG_ENABLE_MODULES = YES;
				CLANG_ENABLE_OBJC_ARC = YES;
				CLANG_WARN_BOOL_CONVERSION = YES;
				CLANG_WARN_CONSTANT_CONVERSION = YES;
				CLANG_WARN_DIRECT_OBJC_ISA_USAGE = YES_ERROR;
				CLANG_WARN_EMPTY_BODY = YES;
				CLANG_WARN_ENUM_CONVERSION = YES;
				CLANG_WARN_INT_CONVERSION = YES;
				CLANG_WARN_OBJC_ROOT_CLASS = YES_ERROR;
				CLANG_WARN_UNREACHABLE_CODE = YES;
				CLANG_WARN__DUPLICATE_METHOD_MATCH = YES;
				"CODE_SIGN_IDENTITY[sdk=iphoneos*]" = "iPhone Developer";
				COPY_PHASE_STRIP = NO;
				DEBUG_INFORMATION_FORMAT = "dwarf-with-dsym";
				ENABLE_NS_ASSERTIONS = NO;
				ENABLE_STRICT_OBJC_MSGSEND = YES;
				GCC_C_LANGUAGE_STANDARD = gnu99;
				GCC_NO_COMMON_BLOCKS = YES;
				GCC_WARN_64_TO_32_BIT_CONVERSION = YES;
				GCC_WARN_ABOUT_RETURN_TYPE = YES_ERROR;
				GCC_WARN_UNDECLARED_SELECTOR = YES;
				GCC_WARN_UNINITIALIZED_AUTOS = YES_AGGRESSIVE;
				GCC_WARN_UNUSED_FUNCTION = YES;
				GCC_WARN_UNUSED_VARIABLE = YES;
				IPHONEOS_DEPLOYMENT_TARGET = 8.3;
				MTL_ENABLE_DEBUG_INFO = NO;
				SDKROOT = iphoneos;
				TARGETED_DEVICE_FAMILY = "1,2";
				VALIDATE_PRODUCT = YES;
			};
			name = Release;
		};
		75AB3D9E1BC903A8001A613E /* Debug */ = {
			isa = XCBuildConfiguration;
			buildSettings = {
				ASSETCATALOG_COMPILER_APPICON_NAME = AppIcon;
				INFOPLIST_FILE = CoreDataDemoABES/Info.plist;
				LD_RUNPATH_SEARCH_PATHS = "$(inherited) @executable_path/Frameworks";
				PRODUCT_NAME = "$(TARGET_NAME)";
			};
			name = Debug;
		};
		75AB3D9F1BC903A8001A613E /* Release */ = {
			isa = XCBuildConfiguration;
			buildSettings = {
				ASSETCATALOG_COMPILER_APPICON_NAME = AppIcon;
				INFOPLIST_FILE = CoreDataDemoABES/Info.plist;
				LD_RUNPATH_SEARCH_PATHS = "$(inherited) @executable_path/Frameworks";
				PRODUCT_NAME = "$(TARGET_NAME)";
			};
			name = Release;
		};
		75AB3DA11BC903A8001A613E /* Debug */ = {
			isa = XCBuildConfiguration;
			buildSettings = {
				BUNDLE_LOADER = "$(TEST_HOST)";
				FRAMEWORK_SEARCH_PATHS = (
					"$(SDKROOT)/Developer/Library/Frameworks",
					"$(inherited)",
				);
				GCC_PREPROCESSOR_DEFINITIONS = (
					"DEBUG=1",
					"$(inherited)",
				);
				INFOPLIST_FILE = CoreDataDemoABESTests/Info.plist;
				LD_RUNPATH_SEARCH_PATHS = "$(inherited) @executable_path/Frameworks @loader_path/Frameworks";
				PRODUCT_NAME = "$(TARGET_NAME)";
				TEST_HOST = "$(BUILT_PRODUCTS_DIR)/CoreDataDemoABES.app/CoreDataDemoABES";
			};
			name = Debug;
		};
		75AB3DA21BC903A8001A613E /* Release */ = {
			isa = XCBuildConfiguration;
			buildSettings = {
				BUNDLE_LOADER = "$(TEST_HOST)";
				FRAMEWORK_SEARCH_PATHS = (
					"$(SDKROOT)/Developer/Library/Frameworks",
					"$(inherited)",
				);
				INFOPLIST_FILE = CoreDataDemoABESTests/Info.plist;
				LD_RUNPATH_SEARCH_PATHS = "$(inherited) @executable_path/Frameworks @loader_path/Frameworks";
				PRODUCT_NAME = "$(TARGET_NAME)";
				TEST_HOST = "$(BUILT_PRODUCTS_DIR)/CoreDataDemoABES.app/CoreDataDemoABES";
			};
			name = Release;
		};
/* End XCBuildConfiguration section */

/* Begin XCConfigurationList section */
		75AB3D761BC903A8001A613E /* Build configuration list for PBXProject "CoreDataDemoABES" */ = {
			isa = XCConfigurationList;
			buildConfigurations = (
				75AB3D9B1BC903A8001A613E /* Debug */,
				75AB3D9C1BC903A8001A613E /* Release */,
			);
			defaultConfigurationIsVisible = 0;
			defaultConfigurationName = Release;
		};
		75AB3D9D1BC903A8001A613E /* Build configuration list for PBXNativeTarget "CoreDataDemoABES" */ = {
			isa = XCConfigurationList;
			buildConfigurations = (
				75AB3D9E1BC903A8001A613E /* Debug */,
				75AB3D9F1BC903A8001A613E /* Release */,
			);
			defaultConfigurationIsVisible = 0;
			defaultConfigurationName = Release;
		};
		75AB3DA01BC903A8001A613E /* Build configuration list for PBXNativeTarget "CoreDataDemoABESTests" */ = {
			isa = XCConfigurationList;
			buildConfigurations = (
				75AB3DA11BC903A8001A613E /* Debug */,
				75AB3DA21BC903A8001A613E /* Release */,
			);
			defaultConfigurationIsVisible = 0;
			defaultConfigurationName = Release;
		};
/* End XCConfigurationList section */

/* Begin XCVersionGroup section */
		75AB3D821BC903A8001A613E /* CoreDataDemoABES.xcdatamodeld */ = {
			isa = XCVersionGroup;
			children = (
				75AB3D831BC903A8001A613E /* CoreDataDemoABES.xcdatamodel */,
			);
			currentVersion = 75AB3D831BC903A8001A613E /* CoreDataDemoABES.xcdatamodel */;
			path = CoreDataDemoABES.xcdatamodeld;
			sourceTree = "<group>";
			versionGroupType = wrapper.xcdatamodel;
		};
/* End XCVersionGroup section */
	};
	rootObject = 75AB3D731BC903A8001A613E /* Project object */;
}
